Microsoft Visual Studio Solution File, Format Version 8.00
Project("{8BC9CEB8-8B4A-11D0-8D11-00A0C91BC942}") = "CivilDShow", "CivilDShow.vcproj", "{471BF967-02C5-46DB-80D4-8975862DCB62}"
	ProjectSection(ProjectDependencies) = postProject
	EndProjectSection
EndProject
Project("{8BC9CEB8-8B4A-11D0-8D11-00A0C91BC942}") = "CivilConsoleTest", "..\CivilConsoleTest\CivilConsoleTest.vcproj", "{945EA137-2414-42BF-B34B-C573ADF0AA31}"
	ProjectSection(ProjectDependencies) = postProject
	EndProjectSection
	ProjectSection(ProjectDependencies) = postProject
		{471BF967-02C5-46DB-80D4-8975862DCB62} = {471BF967-02C5-46DB-80D4-8975862DCB62}
	EndProjectSection
EndProject
Project("{8BC9CEB8-8B4A-11D0-8D11-00A0C91BC942}") = "MFCDSHOW", "..\MFCDSHOW\MFCDSHOW.vcproj", "{08A4784C-35AD-4519-80E2-5F9BB84116A8}"
	ProjectSection(ProjectDependencies) = postProject
	EndProjectSection
EndProject
Global
	GlobalSection(SolutionConfiguration) = preSolution
		Debug = Debug
		Release = Release
	EndGlobalSection
	GlobalSection(ProjectConfiguration) = postSolution
		{471BF967-02C5-46DB-80D4-8975862DCB62}.Debug.ActiveCfg = Debug|Win32
		{471BF967-02C5-46DB-80D4-8975862DCB62}.Debug.Build.0 = Debug|Win32
		{471BF967-02C5-46DB-80D4-8975862DCB62}.Release.ActiveCfg = Release|Win32
		{471BF967-02C5-46DB-80D4-8975862DCB62}.Release.Build.0 = Release|Win32
		{945EA137-2414-42BF-B34B-C573ADF0AA31}.Debug.ActiveCfg = Debug|Win32
		{945EA137-2414-42BF-B34B-C573ADF0AA31}.Debug.Build.0 = Debug|Win32
		{945EA137-2414-42BF-B34B-C573ADF0AA31}.Release.ActiveCfg = Release|Win32
		{945EA137-2414-42BF-B34B-C573ADF0AA31}.Release.Build.0 = Release|Win32
		{08A4784C-35AD-4519-80E2-5F9BB84116A8}.Debug.ActiveCfg = Debug|Win32
		{08A4784C-35AD-4519-80E2-5F9BB84116A8}.Debug.Build.0 = Debug|Win32
		{08A4784C-35AD-4519-80E2-5F9BB84116A8}.Release.ActiveCfg = Release|Win32
		{08A4784C-35AD-4519-80E2-5F9BB84116A8}.Release.Build.0 = Release|Win32
	EndGlobalSection
	GlobalSection(ExtensibilityGlobals) = postSolution
	EndGlobalSection
	GlobalSection(ExtensibilityAddIns) = postSolution
	EndGlobalSection
EndGlobal
